{
    "_readme": [
        "This file locks the dependencies of your project to a known state",
        "Read more about it at http://getcomposer.org/doc/01-basic-usage.md#composer-lock-the-lock-file"
    ],
    "hash": "069cbc73bfbc623b70441c98eef1142b",
    "packages": [
        {
            "name": "phpoffice/phpexcel",
            "version": "1.8.0",
            "source": {
                "type": "git",
                "url": "https://github.com/PHPOffice/PHPExcel.git",
                "reference": "e69a5e4d0ffa7fb6f171859e0a04346e580df30b"
            },
            "dist": {
                "type": "zip",
                "url": "https://api.github.com/repos/PHPOffice/PHPExcel/zipball/e69a5e4d0ffa7fb6f171859e0a04346e580df30b",
                "reference": "e69a5e4d0ffa7fb6f171859e0a04346e580df30b",
                "shasum": ""
            },
            "require": {
                "ext-xml": "*",
                "ext-xmlwriter": "*",
                "php": ">=5.2.0"
            },
            "type": "library",
            "autoload": {
                "psr-0": {
                    "PHPExcel": "Classes/"
                }
            },
            "notification-url": "https://packagist.org/downloads/",
            "license": [
                "LGPL"
            ],
            "authors": [
                {
                    "name": "Maarten Balliauw",
                    "homepage": "http://blog.maartenballiauw.be"
                },
                {
                    "name": "Mark Baker"
                },
                {
                    "name": "Franck Lefevre",
                    "homepage": "http://blog.rootslabs.net"
                },
                {
                    "name": "Erik Tilt"
                }
            ],
            "description": "PHPExcel - OpenXML - Read, Create and Write Spreadsheet documents in PHP - Spreadsheet engine",
            "homepage": "http://phpexcel.codeplex.com",
            "keywords": [
                "OpenXML",
                "excel",
                "php",
                "spreadsheet",
                "xls",
                "xlsx"
            ],
            "time": "2014-03-02 15:22:49"
        },
        {
            "name": "rmzamora/google-api-php",
            "version": "dev-master",
            "source": {
                "type": "git",
                "url": "https://github.com/rmzamora/GoogleApiPHP.git",
                "reference": "c121d520ca52f31ce341a1c0013e9e7223433c4c"
            },
            "dist": {
                "type": "zip",
                "url": "https://api.github.com/repos/rmzamora/GoogleApiPHP/zipball/c121d520ca52f31ce341a1c0013e9e7223433c4c",
                "reference": "c121d520ca52f31ce341a1c0013e9e7223433c4c",
                "shasum": ""
            },
            "require": {
                "php": ">=5.2.7"
            },
            "type": "library",
            "notification-url": "https://packagist.org/downloads/",
            "license": [
                "Apache License"
            ],
            "authors": [
                {
                    "name": "Google Inc.",
                    "email": "info@google.com",
                    "homepage": "http://google.com",
                    "role": "Developer"
                }
            ],
            "description": "Google API for PHP",
            "homepage": "https://code.google.com/p/google-api-php-client/",
            "keywords": [
                "api",
                "google"
            ],
            "time": "2012-10-09 09:55:25"
        }
    ],
    "packages-dev": [

    ],
    "aliases": [

    ],
    "minimum-stability": "stable",
    "stability-flags": {
        "rmzamora/google-api-php": 20
    },
    "platform": [

    ],
    "platform-dev": [

    ]
}
